
Microsoft Visual Studio Solution File, Format Version 12.00
# Visual Studio Version 17
VisualStudioVersion = 17.5.002.0
MinimumVisualStudioVersion = 10.0.40219.1
Project("{9A19103F-16F7-4668-BE54-9A1E7A4F7556}") = "problem4", "problem4.csproj", "{07836DFE-0DE8-47FD-84E0-BF57F2DE5EEC}"
EndProject
Global
	GlobalSection(SolutionConfigurationPlatforms) = preSolution
		Debug|Any CPU = Debug|Any CPU
		Release|Any CPU = Release|Any CPU
	EndGlobalSection
	GlobalSection(ProjectConfigurationPlatforms) = postSolution
		{07836DFE-0DE8-47FD-84E0-BF57F2DE5EEC}.Debug|Any CPU.ActiveCfg = Debug|Any CPU
		{07836DFE-0DE8-47FD-84E0-BF57F2DE5EEC}.Debug|Any CPU.Build.0 = Debug|Any CPU
		{07836DFE-0DE8-47FD-84E0-BF57F2DE5EEC}.Release|Any CPU.ActiveCfg = Release|Any CPU
		{07836DFE-0DE8-47FD-84E0-BF57F2DE5EEC}.Release|Any CPU.Build.0 = Release|Any CPU
	EndGlobalSection
	GlobalSection(SolutionProperties) = preSolution
		HideSolutionNode = FALSE
	EndGlobalSection
	GlobalSection(ExtensibilityGlobals) = postSolution
		SolutionGuid = {B7B6A4C4-7A32-4248-86AF-98A310140AA5}
	EndGlobalSection
EndGlobal
